
Microsoft Visual Studio Solution File, Format Version 12.00
# Visual Studio Version 16
VisualStudioVersion = 16.0.29806.167
MinimumVisualStudioVersion = 10.0.40219.1
Project("{FAE04EC0-301F-11D3-BF4B-00C04F79EFBC}") = "ShaderPaper", "ShaderPaper\ShaderPaper.csproj", "{7EE3592C-6DCD-4CBC-AA0B-99B5014B3B38}"
EndProject
Project("{8BC9CEB8-8B4A-11D0-8D11-00A0C91BC942}") = "ShaderPaperD", "ShaderPaperD\ShaderPaperD.vcxproj", "{458552CD-0EE5-4BB1-B98B-DC8945AEC453}"
EndProject
Global
	GlobalSection(SolutionConfigurationPlatforms) = preSolution
		Debug|Any CPU = Debug|Any CPU
		Debug|x64 = Debug|x64
		Debug|x86 = Debug|x86
		Release|Any CPU = Release|Any CPU
		Release|x64 = Release|x64
		Release|x86 = Release|x86
	EndGlobalSection
	GlobalSection(ProjectConfigurationPlatforms) = postSolution
		{7EE3592C-6DCD-4CBC-AA0B-99B5014B3B38}.Debug|Any CPU.ActiveCfg = Debug|Any CPU
		{7EE3592C-6DCD-4CBC-AA0B-99B5014B3B38}.Debug|Any CPU.Build.0 = Debug|Any CPU
		{7EE3592C-6DCD-4CBC-AA0B-99B5014B3B38}.Debug|x64.ActiveCfg = Debug|Any CPU
		{7EE3592C-6DCD-4CBC-AA0B-99B5014B3B38}.Debug|x64.Build.0 = Debug|Any CPU
		{7EE3592C-6DCD-4CBC-AA0B-99B5014B3B38}.Debug|x86.ActiveCfg = Debug|Any CPU
		{7EE3592C-6DCD-4CBC-AA0B-99B5014B3B38}.Debug|x86.Build.0 = Debug|Any CPU
		{7EE3592C-6DCD-4CBC-AA0B-99B5014B3B38}.Release|Any CPU.ActiveCfg = Release|Any CPU
		{7EE3592C-6DCD-4CBC-AA0B-99B5014B3B38}.Release|Any CPU.Build.0 = Release|Any CPU
		{7EE3592C-6DCD-4CBC-AA0B-99B5014B3B38}.Release|x64.ActiveCfg = Release|Any CPU
		{7EE3592C-6DCD-4CBC-AA0B-99B5014B3B38}.Release|x64.Build.0 = Release|Any CPU
		{7EE3592C-6DCD-4CBC-AA0B-99B5014B3B38}.Release|x86.ActiveCfg = Release|Any CPU
		{7EE3592C-6DCD-4CBC-AA0B-99B5014B3B38}.Release|x86.Build.0 = Release|Any CPU
		{458552CD-0EE5-4BB1-B98B-DC8945AEC453}.Debug|Any CPU.ActiveCfg = Debug|Win32
		{458552CD-0EE5-4BB1-B98B-DC8945AEC453}.Debug|x64.ActiveCfg = Debug|x64
		{458552CD-0EE5-4BB1-B98B-DC8945AEC453}.Debug|x64.Build.0 = Debug|x64
		{458552CD-0EE5-4BB1-B98B-DC8945AEC453}.Debug|x86.ActiveCfg = Debug|Win32
		{458552CD-0EE5-4BB1-B98B-DC8945AEC453}.Debug|x86.Build.0 = Debug|Win32
		{458552CD-0EE5-4BB1-B98B-DC8945AEC453}.Release|Any CPU.ActiveCfg = Release|Win32
		{458552CD-0EE5-4BB1-B98B-DC8945AEC453}.Release|x64.ActiveCfg = Release|x64
		{458552CD-0EE5-4BB1-B98B-DC8945AEC453}.Release|x64.Build.0 = Release|x64
		{458552CD-0EE5-4BB1-B98B-DC8945AEC453}.Release|x86.ActiveCfg = Release|Win32
		{458552CD-0EE5-4BB1-B98B-DC8945AEC453}.Release|x86.Build.0 = Release|Win32
	EndGlobalSection
	GlobalSection(SolutionProperties) = preSolution
		HideSolutionNode = FALSE
	EndGlobalSection
	GlobalSection(ExtensibilityGlobals) = postSolution
		SolutionGuid = {BCFD249C-AF65-4467-89C1-E758E8B8A83F}
	EndGlobalSection
EndGlobal
